
Microsoft Visual Studio Solution File, Format Version 12.00
# Visual Studio 15
VisualStudioVersion = 15.0.28307.489
MinimumVisualStudioVersion = 10.0.40219.1
Project("{FAE04EC0-301F-11D3-BF4B-00C04F79EFBC}") = "OverloadGalore", "OverloadGalore\OverloadGalore.csproj", "{6868C7DE-5629-46AC-BB4E-53D2D8A8048C}"
EndProject
Global
	GlobalSection(SolutionConfigurationPlatforms) = preSolution
		Debug|Any CPU = Debug|Any CPU
		Release|Any CPU = Release|Any CPU
	EndGlobalSection
	GlobalSection(ProjectConfigurationPlatforms) = postSolution
		{6868C7DE-5629-46AC-BB4E-53D2D8A8048C}.Debug|Any CPU.ActiveCfg = Debug|Any CPU
		{6868C7DE-5629-46AC-BB4E-53D2D8A8048C}.Debug|Any CPU.Build.0 = Debug|Any CPU
		{6868C7DE-5629-46AC-BB4E-53D2D8A8048C}.Release|Any CPU.ActiveCfg = Release|Any CPU
		{6868C7DE-5629-46AC-BB4E-53D2D8A8048C}.Release|Any CPU.Build.0 = Release|Any CPU
	EndGlobalSection
	GlobalSection(SolutionProperties) = preSolution
		HideSolutionNode = FALSE
	EndGlobalSection
	GlobalSection(ExtensibilityGlobals) = postSolution
		SolutionGuid = {F9168110-3661-41F9-BBCC-C98E67F696F2}
	EndGlobalSection
EndGlobal
