
Microsoft Visual Studio Solution File, Format Version 12.00
# Visual Studio 15
VisualStudioVersion = 15.0.28307.489
MinimumVisualStudioVersion = 10.0.40219.1
Project("{FAE04EC0-301F-11D3-BF4B-00C04F79EFBC}") = "List106", "List106\List106.csproj", "{8EFEB849-34DF-4370-978F-2BC7C12302DA}"
EndProject
Global
	GlobalSection(SolutionConfigurationPlatforms) = preSolution
		Debug|Any CPU = Debug|Any CPU
		Release|Any CPU = Release|Any CPU
	EndGlobalSection
	GlobalSection(ProjectConfigurationPlatforms) = postSolution
		{8EFEB849-34DF-4370-978F-2BC7C12302DA}.Debug|Any CPU.ActiveCfg = Debug|Any CPU
		{8EFEB849-34DF-4370-978F-2BC7C12302DA}.Debug|Any CPU.Build.0 = Debug|Any CPU
		{8EFEB849-34DF-4370-978F-2BC7C12302DA}.Release|Any CPU.ActiveCfg = Release|Any CPU
		{8EFEB849-34DF-4370-978F-2BC7C12302DA}.Release|Any CPU.Build.0 = Release|Any CPU
	EndGlobalSection
	GlobalSection(SolutionProperties) = preSolution
		HideSolutionNode = FALSE
	EndGlobalSection
	GlobalSection(ExtensibilityGlobals) = postSolution
		SolutionGuid = {74353F5E-4A1D-49A3-97A6-BA6E477D9040}
	EndGlobalSection
EndGlobal
