
Microsoft Visual Studio Solution File, Format Version 12.00
# Visual Studio 15
VisualStudioVersion = 15.0.28307.489
MinimumVisualStudioVersion = 10.0.40219.1
Project("{FAE04EC0-301F-11D3-BF4B-00C04F79EFBC}") = "InsuranceQualification", "InsuranceQualification\InsuranceQualification.csproj", "{506C3C25-812B-4B5F-9BAC-4AB06B302F57}"
EndProject
Global
	GlobalSection(SolutionConfigurationPlatforms) = preSolution
		Debug|Any CPU = Debug|Any CPU
		Release|Any CPU = Release|Any CPU
	EndGlobalSection
	GlobalSection(ProjectConfigurationPlatforms) = postSolution
		{506C3C25-812B-4B5F-9BAC-4AB06B302F57}.Debug|Any CPU.ActiveCfg = Debug|Any CPU
		{506C3C25-812B-4B5F-9BAC-4AB06B302F57}.Debug|Any CPU.Build.0 = Debug|Any CPU
		{506C3C25-812B-4B5F-9BAC-4AB06B302F57}.Release|Any CPU.ActiveCfg = Release|Any CPU
		{506C3C25-812B-4B5F-9BAC-4AB06B302F57}.Release|Any CPU.Build.0 = Release|Any CPU
	EndGlobalSection
	GlobalSection(SolutionProperties) = preSolution
		HideSolutionNode = FALSE
	EndGlobalSection
	GlobalSection(ExtensibilityGlobals) = postSolution
		SolutionGuid = {310EFA9B-1036-4132-8CD6-96C5D9FA870D}
	EndGlobalSection
EndGlobal
