
Microsoft Visual Studio Solution File, Format Version 12.00
# Visual Studio 15
VisualStudioVersion = 15.0.28307.489
MinimumVisualStudioVersion = 10.0.40219.1
Project("{FAE04EC0-301F-11D3-BF4B-00C04F79EFBC}") = "LambdaX", "LambdaX\LambdaX.csproj", "{87D42017-F7D9-4848-99C1-73608F5E9E8B}"
EndProject
Global
	GlobalSection(SolutionConfigurationPlatforms) = preSolution
		Debug|Any CPU = Debug|Any CPU
		Release|Any CPU = Release|Any CPU
	EndGlobalSection
	GlobalSection(ProjectConfigurationPlatforms) = postSolution
		{87D42017-F7D9-4848-99C1-73608F5E9E8B}.Debug|Any CPU.ActiveCfg = Debug|Any CPU
		{87D42017-F7D9-4848-99C1-73608F5E9E8B}.Debug|Any CPU.Build.0 = Debug|Any CPU
		{87D42017-F7D9-4848-99C1-73608F5E9E8B}.Release|Any CPU.ActiveCfg = Release|Any CPU
		{87D42017-F7D9-4848-99C1-73608F5E9E8B}.Release|Any CPU.Build.0 = Release|Any CPU
	EndGlobalSection
	GlobalSection(SolutionProperties) = preSolution
		HideSolutionNode = FALSE
	EndGlobalSection
	GlobalSection(ExtensibilityGlobals) = postSolution
		SolutionGuid = {FD15CF1A-38A9-441D-AF88-DA04D31379CC}
	EndGlobalSection
EndGlobal
