
Microsoft Visual Studio Solution File, Format Version 12.00
# Visual Studio 15
VisualStudioVersion = 15.0.28307.489
MinimumVisualStudioVersion = 10.0.40219.1
Project("{FAE04EC0-301F-11D3-BF4B-00C04F79EFBC}") = "IntegerParameters", "IntegerParameters\IntegerParameters.csproj", "{1BAA41E4-7852-4A33-80D8-54850DD185E5}"
EndProject
Global
	GlobalSection(SolutionConfigurationPlatforms) = preSolution
		Debug|Any CPU = Debug|Any CPU
		Release|Any CPU = Release|Any CPU
	EndGlobalSection
	GlobalSection(ProjectConfigurationPlatforms) = postSolution
		{1BAA41E4-7852-4A33-80D8-54850DD185E5}.Debug|Any CPU.ActiveCfg = Debug|Any CPU
		{1BAA41E4-7852-4A33-80D8-54850DD185E5}.Debug|Any CPU.Build.0 = Debug|Any CPU
		{1BAA41E4-7852-4A33-80D8-54850DD185E5}.Release|Any CPU.ActiveCfg = Release|Any CPU
		{1BAA41E4-7852-4A33-80D8-54850DD185E5}.Release|Any CPU.Build.0 = Release|Any CPU
	EndGlobalSection
	GlobalSection(SolutionProperties) = preSolution
		HideSolutionNode = FALSE
	EndGlobalSection
	GlobalSection(ExtensibilityGlobals) = postSolution
		SolutionGuid = {5846760C-6371-4B33-A96E-B743B7265FD6}
	EndGlobalSection
EndGlobal
