
Microsoft Visual Studio Solution File, Format Version 12.00
# Visual Studio 15
VisualStudioVersion = 15.0.28307.489
MinimumVisualStudioVersion = 10.0.40219.1
Project("{FAE04EC0-301F-11D3-BF4B-00C04F79EFBC}") = "String Concatenation", "String Concatenation\String Concatenation.csproj", "{CA091A3B-A06B-4DBA-B7BE-82A938544907}"
EndProject
Global
	GlobalSection(SolutionConfigurationPlatforms) = preSolution
		Debug|Any CPU = Debug|Any CPU
		Release|Any CPU = Release|Any CPU
	EndGlobalSection
	GlobalSection(ProjectConfigurationPlatforms) = postSolution
		{CA091A3B-A06B-4DBA-B7BE-82A938544907}.Debug|Any CPU.ActiveCfg = Debug|Any CPU
		{CA091A3B-A06B-4DBA-B7BE-82A938544907}.Debug|Any CPU.Build.0 = Debug|Any CPU
		{CA091A3B-A06B-4DBA-B7BE-82A938544907}.Release|Any CPU.ActiveCfg = Release|Any CPU
		{CA091A3B-A06B-4DBA-B7BE-82A938544907}.Release|Any CPU.Build.0 = Release|Any CPU
	EndGlobalSection
	GlobalSection(SolutionProperties) = preSolution
		HideSolutionNode = FALSE
	EndGlobalSection
	GlobalSection(ExtensibilityGlobals) = postSolution
		SolutionGuid = {018D3B9A-20E5-4170-918D-B8A623E1B209}
	EndGlobalSection
EndGlobal
