
Microsoft Visual Studio Solution File, Format Version 12.00
# Visual Studio 15
VisualStudioVersion = 15.0.28307.489
MinimumVisualStudioVersion = 10.0.40219.1
Project("{FAE04EC0-301F-11D3-BF4B-00C04F79EFBC}") = "Addresso", "Addresso\Addresso.csproj", "{9C8B0FD1-C822-4187-94DB-64E4EB2C0B1D}"
EndProject
Global
	GlobalSection(SolutionConfigurationPlatforms) = preSolution
		Debug|Any CPU = Debug|Any CPU
		Release|Any CPU = Release|Any CPU
	EndGlobalSection
	GlobalSection(ProjectConfigurationPlatforms) = postSolution
		{9C8B0FD1-C822-4187-94DB-64E4EB2C0B1D}.Debug|Any CPU.ActiveCfg = Debug|Any CPU
		{9C8B0FD1-C822-4187-94DB-64E4EB2C0B1D}.Debug|Any CPU.Build.0 = Debug|Any CPU
		{9C8B0FD1-C822-4187-94DB-64E4EB2C0B1D}.Release|Any CPU.ActiveCfg = Release|Any CPU
		{9C8B0FD1-C822-4187-94DB-64E4EB2C0B1D}.Release|Any CPU.Build.0 = Release|Any CPU
	EndGlobalSection
	GlobalSection(SolutionProperties) = preSolution
		HideSolutionNode = FALSE
	EndGlobalSection
	GlobalSection(ExtensibilityGlobals) = postSolution
		SolutionGuid = {919AACF9-362C-4F22-821C-C3298003E72F}
	EndGlobalSection
EndGlobal
