
Microsoft Visual Studio Solution File, Format Version 12.00
# Visual Studio 15
VisualStudioVersion = 15.0.28307.489
MinimumVisualStudioVersion = 10.0.40219.1
Project("{FAE04EC0-301F-11D3-BF4B-00C04F79EFBC}") = "DataTypes", "DataTypes\DataTypes.csproj", "{A482C52D-4419-4DBE-A90A-9315E0864146}"
EndProject
Global
	GlobalSection(SolutionConfigurationPlatforms) = preSolution
		Debug|Any CPU = Debug|Any CPU
		Release|Any CPU = Release|Any CPU
	EndGlobalSection
	GlobalSection(ProjectConfigurationPlatforms) = postSolution
		{A482C52D-4419-4DBE-A90A-9315E0864146}.Debug|Any CPU.ActiveCfg = Debug|Any CPU
		{A482C52D-4419-4DBE-A90A-9315E0864146}.Debug|Any CPU.Build.0 = Debug|Any CPU
		{A482C52D-4419-4DBE-A90A-9315E0864146}.Release|Any CPU.ActiveCfg = Release|Any CPU
		{A482C52D-4419-4DBE-A90A-9315E0864146}.Release|Any CPU.Build.0 = Release|Any CPU
	EndGlobalSection
	GlobalSection(SolutionProperties) = preSolution
		HideSolutionNode = FALSE
	EndGlobalSection
	GlobalSection(ExtensibilityGlobals) = postSolution
		SolutionGuid = {754501EF-7FD4-467B-89AC-E156942F2ECF}
	EndGlobalSection
EndGlobal
