
Microsoft Visual Studio Solution File, Format Version 12.00
# Visual Studio 15
VisualStudioVersion = 15.0.28307.489
MinimumVisualStudioVersion = 10.0.40219.1
Project("{FAE04EC0-301F-11D3-BF4B-00C04F79EFBC}") = "Company", "Company\Company.csproj", "{31391C08-9BF6-4A07-861F-9BDBAA4CAF31}"
EndProject
Global
	GlobalSection(SolutionConfigurationPlatforms) = preSolution
		Debug|Any CPU = Debug|Any CPU
		Release|Any CPU = Release|Any CPU
	EndGlobalSection
	GlobalSection(ProjectConfigurationPlatforms) = postSolution
		{31391C08-9BF6-4A07-861F-9BDBAA4CAF31}.Debug|Any CPU.ActiveCfg = Debug|Any CPU
		{31391C08-9BF6-4A07-861F-9BDBAA4CAF31}.Debug|Any CPU.Build.0 = Debug|Any CPU
		{31391C08-9BF6-4A07-861F-9BDBAA4CAF31}.Release|Any CPU.ActiveCfg = Release|Any CPU
		{31391C08-9BF6-4A07-861F-9BDBAA4CAF31}.Release|Any CPU.Build.0 = Release|Any CPU
	EndGlobalSection
	GlobalSection(SolutionProperties) = preSolution
		HideSolutionNode = FALSE
	EndGlobalSection
	GlobalSection(ExtensibilityGlobals) = postSolution
		SolutionGuid = {3C928880-817F-4122-B918-C88ED55499A2}
	EndGlobalSection
EndGlobal
